
Microsoft Visual Studio Solution File, Format Version 12.00
Project("{2150E333-8FDC-42A3-9474-1A3956D46DE8}") = "API", "API", "{AE8749C9-E73F-43E1-A4F2-227C3DADFEB7}"
EndProject
Project("{FAE04EC0-301F-11D3-BF4B-00C04F79EFBC}") = "Willow.API", "Willow.API\Willow.API.csproj", "{4245283D-58BF-4F28-A658-017E5F7C537D}"
EndProject
Project("{2150E333-8FDC-42A3-9474-1A3956D46DE8}") = "Messages", "Messages", "{B61DA12F-7246-4121-B718-81FFF3BC7D33}"
EndProject
Project("{FAE04EC0-301F-11D3-BF4B-00C04F79EFBC}") = "Willow.Commands", "Willow.Commands\Willow.Commands.csproj", "{BA51E735-748B-4A0E-8859-E98F8801E84E}"
EndProject
Project("{FAE04EC0-301F-11D3-BF4B-00C04F79EFBC}") = "Willow.Messages.Common", "Willow.Messages.Common\Willow.Messages.Common.csproj", "{4180D499-1373-4463-AB16-DF9BC57BE780}"
EndProject
Project("{2150E333-8FDC-42A3-9474-1A3956D46DE8}") = "API.Host", "API.Host", "{07A19FCD-8FD2-4812-BFA4-1C5F5134297F}"
EndProject
Project("{FAE04EC0-301F-11D3-BF4B-00C04F79EFBC}") = "Willow.API.Host", "Willow.API.Host\Willow.API.Host.csproj", "{CF69558E-E5BD-461E-AA30-2DEDBDE3440A}"
EndProject
Project("{FAE04EC0-301F-11D3-BF4B-00C04F79EFBC}") = "Willow.API.Host.Console", "Willow.API.Host.Console\Willow.API.Host.Console.csproj", "{A9369428-01E0-4662-8429-D16BEC99A15A}"
EndProject
Project("{2150E333-8FDC-42A3-9474-1A3956D46DE8}") = "Application", "Application", "{284D1E10-FEF7-4EF8-ABB2-009BF46A3FD6}"
EndProject
Project("{FAE04EC0-301F-11D3-BF4B-00C04F79EFBC}") = "Willow.Application", "Willow.Application\Willow.Application.csproj", "{B24DDFD7-5C4C-47AD-8612-5348AEEF6B32}"
EndProject
Project("{2150E333-8FDC-42A3-9474-1A3956D46DE8}") = "Application.Host", "Application.Host", "{598C5D79-0D09-4BD4-9A51-C5268758D3C7}"
EndProject
Project("{FAE04EC0-301F-11D3-BF4B-00C04F79EFBC}") = "Willow.Application.Host", "Willow.Application.Host\Willow.Application.Host.csproj", "{CBDFA2ED-7B0C-468D-858B-7609104F2E8F}"
EndProject
Project("{FAE04EC0-301F-11D3-BF4B-00C04F79EFBC}") = "Willow.Application.Host.Console", "Willow.Application.Host.Console\Willow.Application.Host.Console.csproj", "{0627DDAB-2FC4-434B-A8B6-330E984D70EE}"
EndProject
Project("{FAE04EC0-301F-11D3-BF4B-00C04F79EFBC}") = "Willow.Application.EventStream", "Willow.Application.EventStream\Willow.Application.EventStream.csproj", "{8E3BC22C-7D72-42EA-ABC5-37CBC6A365AF}"
EndProject
Project("{FAE04EC0-301F-11D3-BF4B-00C04F79EFBC}") = "Willow.Events", "Willow.Events\Willow.Events.csproj", "{0D4AAD62-C16C-4F80-BCF4-713CE1EF920C}"
EndProject
Global
	GlobalSection(SolutionConfigurationPlatforms) = preSolution
		Debug|Any CPU = Debug|Any CPU
		Release|Any CPU = Release|Any CPU
	EndGlobalSection
	GlobalSection(NestedProjects) = preSolution
		{4245283D-58BF-4F28-A658-017E5F7C537D} = {AE8749C9-E73F-43E1-A4F2-227C3DADFEB7}
		{BA51E735-748B-4A0E-8859-E98F8801E84E} = {B61DA12F-7246-4121-B718-81FFF3BC7D33}
		{4180D499-1373-4463-AB16-DF9BC57BE780} = {B61DA12F-7246-4121-B718-81FFF3BC7D33}
		{07A19FCD-8FD2-4812-BFA4-1C5F5134297F} = {AE8749C9-E73F-43E1-A4F2-227C3DADFEB7}
		{CF69558E-E5BD-461E-AA30-2DEDBDE3440A} = {07A19FCD-8FD2-4812-BFA4-1C5F5134297F}
		{A9369428-01E0-4662-8429-D16BEC99A15A} = {07A19FCD-8FD2-4812-BFA4-1C5F5134297F}
		{B24DDFD7-5C4C-47AD-8612-5348AEEF6B32} = {284D1E10-FEF7-4EF8-ABB2-009BF46A3FD6}
		{598C5D79-0D09-4BD4-9A51-C5268758D3C7} = {284D1E10-FEF7-4EF8-ABB2-009BF46A3FD6}
		{CBDFA2ED-7B0C-468D-858B-7609104F2E8F} = {598C5D79-0D09-4BD4-9A51-C5268758D3C7}
		{0627DDAB-2FC4-434B-A8B6-330E984D70EE} = {598C5D79-0D09-4BD4-9A51-C5268758D3C7}
		{8E3BC22C-7D72-42EA-ABC5-37CBC6A365AF} = {284D1E10-FEF7-4EF8-ABB2-009BF46A3FD6}
		{0D4AAD62-C16C-4F80-BCF4-713CE1EF920C} = {B61DA12F-7246-4121-B718-81FFF3BC7D33}
	EndGlobalSection
	GlobalSection(ProjectConfigurationPlatforms) = postSolution
		{4245283D-58BF-4F28-A658-017E5F7C537D}.Debug|Any CPU.ActiveCfg = Debug|Any CPU
		{4245283D-58BF-4F28-A658-017E5F7C537D}.Debug|Any CPU.Build.0 = Debug|Any CPU
		{4245283D-58BF-4F28-A658-017E5F7C537D}.Release|Any CPU.ActiveCfg = Release|Any CPU
		{4245283D-58BF-4F28-A658-017E5F7C537D}.Release|Any CPU.Build.0 = Release|Any CPU
		{BA51E735-748B-4A0E-8859-E98F8801E84E}.Debug|Any CPU.ActiveCfg = Debug|Any CPU
		{BA51E735-748B-4A0E-8859-E98F8801E84E}.Debug|Any CPU.Build.0 = Debug|Any CPU
		{BA51E735-748B-4A0E-8859-E98F8801E84E}.Release|Any CPU.ActiveCfg = Release|Any CPU
		{BA51E735-748B-4A0E-8859-E98F8801E84E}.Release|Any CPU.Build.0 = Release|Any CPU
		{4180D499-1373-4463-AB16-DF9BC57BE780}.Debug|Any CPU.ActiveCfg = Debug|Any CPU
		{4180D499-1373-4463-AB16-DF9BC57BE780}.Debug|Any CPU.Build.0 = Debug|Any CPU
		{4180D499-1373-4463-AB16-DF9BC57BE780}.Release|Any CPU.ActiveCfg = Release|Any CPU
		{4180D499-1373-4463-AB16-DF9BC57BE780}.Release|Any CPU.Build.0 = Release|Any CPU
		{CF69558E-E5BD-461E-AA30-2DEDBDE3440A}.Debug|Any CPU.ActiveCfg = Debug|Any CPU
		{CF69558E-E5BD-461E-AA30-2DEDBDE3440A}.Debug|Any CPU.Build.0 = Debug|Any CPU
		{CF69558E-E5BD-461E-AA30-2DEDBDE3440A}.Release|Any CPU.ActiveCfg = Release|Any CPU
		{CF69558E-E5BD-461E-AA30-2DEDBDE3440A}.Release|Any CPU.Build.0 = Release|Any CPU
		{A9369428-01E0-4662-8429-D16BEC99A15A}.Debug|Any CPU.ActiveCfg = Debug|Any CPU
		{A9369428-01E0-4662-8429-D16BEC99A15A}.Debug|Any CPU.Build.0 = Debug|Any CPU
		{A9369428-01E0-4662-8429-D16BEC99A15A}.Release|Any CPU.ActiveCfg = Release|Any CPU
		{A9369428-01E0-4662-8429-D16BEC99A15A}.Release|Any CPU.Build.0 = Release|Any CPU
		{B24DDFD7-5C4C-47AD-8612-5348AEEF6B32}.Debug|Any CPU.ActiveCfg = Debug|Any CPU
		{B24DDFD7-5C4C-47AD-8612-5348AEEF6B32}.Debug|Any CPU.Build.0 = Debug|Any CPU
		{B24DDFD7-5C4C-47AD-8612-5348AEEF6B32}.Release|Any CPU.ActiveCfg = Release|Any CPU
		{B24DDFD7-5C4C-47AD-8612-5348AEEF6B32}.Release|Any CPU.Build.0 = Release|Any CPU
		{CBDFA2ED-7B0C-468D-858B-7609104F2E8F}.Debug|Any CPU.ActiveCfg = Debug|Any CPU
		{CBDFA2ED-7B0C-468D-858B-7609104F2E8F}.Debug|Any CPU.Build.0 = Debug|Any CPU
		{CBDFA2ED-7B0C-468D-858B-7609104F2E8F}.Release|Any CPU.ActiveCfg = Release|Any CPU
		{CBDFA2ED-7B0C-468D-858B-7609104F2E8F}.Release|Any CPU.Build.0 = Release|Any CPU
		{0627DDAB-2FC4-434B-A8B6-330E984D70EE}.Debug|Any CPU.ActiveCfg = Debug|Any CPU
		{0627DDAB-2FC4-434B-A8B6-330E984D70EE}.Debug|Any CPU.Build.0 = Debug|Any CPU
		{0627DDAB-2FC4-434B-A8B6-330E984D70EE}.Release|Any CPU.ActiveCfg = Release|Any CPU
		{0627DDAB-2FC4-434B-A8B6-330E984D70EE}.Release|Any CPU.Build.0 = Release|Any CPU
		{8E3BC22C-7D72-42EA-ABC5-37CBC6A365AF}.Debug|Any CPU.ActiveCfg = Debug|Any CPU
		{8E3BC22C-7D72-42EA-ABC5-37CBC6A365AF}.Debug|Any CPU.Build.0 = Debug|Any CPU
		{8E3BC22C-7D72-42EA-ABC5-37CBC6A365AF}.Release|Any CPU.ActiveCfg = Release|Any CPU
		{8E3BC22C-7D72-42EA-ABC5-37CBC6A365AF}.Release|Any CPU.Build.0 = Release|Any CPU
		{0D4AAD62-C16C-4F80-BCF4-713CE1EF920C}.Debug|Any CPU.ActiveCfg = Debug|Any CPU
		{0D4AAD62-C16C-4F80-BCF4-713CE1EF920C}.Debug|Any CPU.Build.0 = Debug|Any CPU
		{0D4AAD62-C16C-4F80-BCF4-713CE1EF920C}.Release|Any CPU.ActiveCfg = Release|Any CPU
		{0D4AAD62-C16C-4F80-BCF4-713CE1EF920C}.Release|Any CPU.Build.0 = Release|Any CPU
	EndGlobalSection
EndGlobal
